// !$*UTF8*$!
{
	archiveVersion = 1;
	classes = {
	};
	objectVersion = 46;
	objects = {

/* Begin PBXBuildFile section */
		2934E40D136C8B1D0099A9B2 /* Map-Europe.png in Resources */ = {isa = PBXBuildFile; fileRef = 2934E40B136C8B1D0099A9B2 /* Map-Europe.png */; };
		29BE8999136C8DAF000E0E31 /* RootViewController.xib in Resources */ = {isa = PBXBuildFile; fileRef = 29BE8997136C8DAF000E0E31 /* RootViewController.xib */; };
		29BE899F136CB174000E0E31 /* Map-World.png in Resources */ = {isa = PBXBuildFile; fileRef = 29BE899E136CB174000E0E31 /* Map-World.png */; };
		29BE89A1136CB6BF000E0E31 /* Map-France.png in Resources */ = {isa = PBXBuildFile; fileRef = 29BE89A0136CB6BF000E0E31 /* Map-France.png */; };
		29BE89A7136CC544000E0E31 /* Matt-falling.png in Resources */ = {isa = PBXBuildFile; fileRef = 29BE89A2136CC544000E0E31 /* Matt-falling.png */; };
		29BE89A8136CC544000E0E31 /* Matt-landing-01.png in Resources */ = {isa = PBXBuildFile; fileRef = 29BE89A3136CC544000E0E31 /* Matt-landing-01.png */; };
		29BE89A9136CC544000E0E31 /* Matt-landing-02.png in Resources */ = {isa = PBXBuildFile; fileRef = 29BE89A4136CC544000E0E31 /* Matt-landing-02.png */; };
		29BE89AA136CC544000E0E31 /* Matt-landing-03.png in Resources */ = {isa = PBXBuildFile; fileRef = 29BE89A5136CC544000E0E31 /* Matt-landing-03.png */; };
		29BE89AB136CC544000E0E31 /* Matt-landing-04.png in Resources */ = {isa = PBXBuildFile; fileRef = 29BE89A6136CC544000E0E31 /* Matt-landing-04.png */; };
		5A1408A7136D69600020E33F /* Sound_Plause.png in Resources */ = {isa = PBXBuildFile; fileRef = 5A1408A5136D69600020E33F /* Sound_Plause.png */; };
		5A1408A8136D69600020E33F /* Sound_Play.png in Resources */ = {isa = PBXBuildFile; fileRef = 5A1408A6136D69600020E33F /* Sound_Play.png */; };
		5A1D3635136B724800AB0277 /* Achievement.m in Sources */ = {isa = PBXBuildFile; fileRef = 5A1D3634136B724800AB0277 /* Achievement.m */; };
		5A1D3638136B74DB00AB0277 /* GameManager.m in Sources */ = {isa = PBXBuildFile; fileRef = 5A1D3637136B74DB00AB0277 /* GameManager.m */; };
		5A1D363B136B75EA00AB0277 /* Category.m in Sources */ = {isa = PBXBuildFile; fileRef = 5A1D363A136B75EA00AB0277 /* Category.m */; };
		5A1D363E136B75F900AB0277 /* Country.m in Sources */ = {isa = PBXBuildFile; fileRef = 5A1D363D136B75F900AB0277 /* Country.m */; };
		5A1D3654136C1CC100AB0277 /* Countries.plist in Resources */ = {isa = PBXBuildFile; fileRef = 5A1D3653136C1CC100AB0277 /* Countries.plist */; };
		5A677706136C51B000AA1A49 /* game.bundle in Resources */ = {isa = PBXBuildFile; fileRef = 5A677705136C51B000AA1A49 /* game.bundle */; };
		5A695CA9136B5D03008089AD /* UIKit.framework in Frameworks */ = {isa = PBXBuildFile; fileRef = 5A695CA8136B5D03008089AD /* UIKit.framework */; };
		5A695CAB136B5D03008089AD /* Foundation.framework in Frameworks */ = {isa = PBXBuildFile; fileRef = 5A695CAA136B5D03008089AD /* Foundation.framework */; };
		5A695CAD136B5D03008089AD /* CoreGraphics.framework in Frameworks */ = {isa = PBXBuildFile; fileRef = 5A695CAC136B5D03008089AD /* CoreGraphics.framework */; };
		5A695CB3136B5D03008089AD /* InfoPlist.strings in Resources */ = {isa = PBXBuildFile; fileRef = 5A695CB1136B5D03008089AD /* InfoPlist.strings */; };
		5A695CB6136B5D03008089AD /* main.m in Sources */ = {isa = PBXBuildFile; fileRef = 5A695CB5136B5D03008089AD /* main.m */; };
		5A695CB9136B5D03008089AD /* MattsWorldTourAppDelegate.m in Sources */ = {isa = PBXBuildFile; fileRef = 5A695CB8136B5D03008089AD /* MattsWorldTourAppDelegate.m */; };
		5A695CBC136B5D03008089AD /* MainWindow.xib in Resources */ = {isa = PBXBuildFile; fileRef = 5A695CBA136B5D03008089AD /* MainWindow.xib */; };
		5A7C7026136CB81C00037781 /* StartViewController.m in Sources */ = {isa = PBXBuildFile; fileRef = 5A7C7024136CB81C00037781 /* StartViewController.m */; };
		5A7C7027136CB81C00037781 /* StartViewController.xib in Resources */ = {isa = PBXBuildFile; fileRef = 5A7C7025136CB81C00037781 /* StartViewController.xib */; };
		5A7C702C136CBCFB00037781 /* QuartzCore.framework in Frameworks */ = {isa = PBXBuildFile; fileRef = 5A7C702B136CBCFB00037781 /* QuartzCore.framework */; };
		5A7C702E136CBF9300037781 /* SpinningCircle.png in Resources */ = {isa = PBXBuildFile; fileRef = 5A7C702D136CBF9300037781 /* SpinningCircle.png */; };
		5A7C7032136CC33600037781 /* Background.png in Resources */ = {isa = PBXBuildFile; fileRef = 5A7C702F136CC33600037781 /* Background.png */; };
		5A7C7033136CC33600037781 /* BackgroundOverlay.png in Resources */ = {isa = PBXBuildFile; fileRef = 5A7C7030136CC33600037781 /* BackgroundOverlay.png */; };
		5A7C703F136CCCCA00037781 /* Start_btn_h.png in Resources */ = {isa = PBXBuildFile; fileRef = 5A7C703D136CCCCA00037781 /* Start_btn_h.png */; };
		5A7C7040136CCCCA00037781 /* Start_btn_n.png in Resources */ = {isa = PBXBuildFile; fileRef = 5A7C703E136CCCCA00037781 /* Start_btn_n.png */; };
		5A7C704C136D4E6100037781 /* Chalkduster.ttf in Resources */ = {isa = PBXBuildFile; fileRef = 5A7C704B136D4E6100037781 /* Chalkduster.ttf */; };
		5A7C70CE136D507900037781 /* ChalkLabel.m in Sources */ = {isa = PBXBuildFile; fileRef = 5A7C70CD136D507900037781 /* ChalkLabel.m */; };
		5A7C70D1136D518000037781 /* ChalkButton.m in Sources */ = {isa = PBXBuildFile; fileRef = 5A7C70D0136D518000037781 /* ChalkButton.m */; };
		5A9C5780136C8886003FF725 /* Achievements.plist in Resources */ = {isa = PBXBuildFile; fileRef = 5A9C577F136C8886003FF725 /* Achievements.plist */; };
		5A9C5791136C8B1F003FF725 /* RootViewController.m in Sources */ = {isa = PBXBuildFile; fileRef = 5A9C5790136C8B1F003FF725 /* RootViewController.m */; };
		5A9C5794136C8B2A003FF725 /* CountryViewController.m in Sources */ = {isa = PBXBuildFile; fileRef = 5A9C5793136C8B2A003FF725 /* CountryViewController.m */; };
		5A9C5796136C8B36003FF725 /* CountryViewController.xib in Resources */ = {isa = PBXBuildFile; fileRef = 5A9C5795136C8B36003FF725 /* CountryViewController.xib */; };
		5AAE029A136C9C6000E8079D /* TaskViewController.m in Sources */ = {isa = PBXBuildFile; fileRef = 5AAE0298136C9C6000E8079D /* TaskViewController.m */; };
		5AAE029B136C9C6000E8079D /* TaskViewController.xib in Resources */ = {isa = PBXBuildFile; fileRef = 5AAE0299136C9C6000E8079D /* TaskViewController.xib */; };
		5AAE02AD136CCECC00E8079D /* Icon-72.png in Resources */ = {isa = PBXBuildFile; fileRef = 5AAE02AC136CCECC00E8079D /* Icon-72.png */; };
		5AC91080136B7D37000F9FB3 /* Task.m in Sources */ = {isa = PBXBuildFile; fileRef = 5AC9107F136B7D37000F9FB3 /* Task.m */; };
/* End PBXBuildFile section */

/* Begin PBXFileReference section */
		2934E40B136C8B1D0099A9B2 /* Map-Europe.png */ = {isa = PBXFileReference; lastKnownFileType = image.png; path = "Map-Europe.png"; sourceTree = "<group>"; };
		29BE8998136C8DAF000E0E31 /* en */ = {isa = PBXFileReference; lastKnownFileType = file.xib; name = en; path = en.lproj/RootViewController.xib; sourceTree = "<group>"; };
		29BE899E136CB174000E0E31 /* Map-World.png */ = {isa = PBXFileReference; lastKnownFileType = image.png; path = "Map-World.png"; sourceTree = "<group>"; };
		29BE89A0136CB6BF000E0E31 /* Map-France.png */ = {isa = PBXFileReference; lastKnownFileType = image.png; path = "Map-France.png"; sourceTree = "<group>"; };
		29BE89A2136CC544000E0E31 /* Matt-falling.png */ = {isa = PBXFileReference; lastKnownFileType = image.png; path = "Matt-falling.png"; sourceTree = "<group>"; };
		29BE89A3136CC544000E0E31 /* Matt-landing-01.png */ = {isa = PBXFileReference; lastKnownFileType = image.png; path = "Matt-landing-01.png"; sourceTree = "<group>"; };
		29BE89A4136CC544000E0E31 /* Matt-landing-02.png */ = {isa = PBXFileReference; lastKnownFileType = image.png; path = "Matt-landing-02.png"; sourceTree = "<group>"; };
		29BE89A5136CC544000E0E31 /* Matt-landing-03.png */ = {isa = PBXFileReference; lastKnownFileType = image.png; path = "Matt-landing-03.png"; sourceTree = "<group>"; };
		29BE89A6136CC544000E0E31 /* Matt-landing-04.png */ = {isa = PBXFileReference; lastKnownFileType = image.png; path = "Matt-landing-04.png"; sourceTree = "<group>"; };
		5A1408A5136D69600020E33F /* Sound_Plause.png */ = {isa = PBXFileReference; lastKnownFileType = image.png; path = Sound_Plause.png; sourceTree = "<group>"; };
		5A1408A6136D69600020E33F /* Sound_Play.png */ = {isa = PBXFileReference; lastKnownFileType = image.png; path = Sound_Play.png; sourceTree = "<group>"; };
		5A1D3633136B724800AB0277 /* Achievement.h */ = {isa = PBXFileReference; fileEncoding = 4; lastKnownFileType = sourcecode.c.h; name = Achievement.h; path = Models/Achievement.h; sourceTree = "<group>"; };
		5A1D3634136B724800AB0277 /* Achievement.m */ = {isa = PBXFileReference; fileEncoding = 4; lastKnownFileType = sourcecode.c.objc; name = Achievement.m; path = Models/Achievement.m; sourceTree = "<group>"; };
		5A1D3636136B74DB00AB0277 /* GameManager.h */ = {isa = PBXFileReference; fileEncoding = 4; lastKnownFileType = sourcecode.c.h; name = GameManager.h; path = Models/GameManager.h; sourceTree = "<group>"; };
		5A1D3637136B74DB00AB0277 /* GameManager.m */ = {isa = PBXFileReference; fileEncoding = 4; lastKnownFileType = sourcecode.c.objc; name = GameManager.m; path = Models/GameManager.m; sourceTree = "<group>"; };
		5A1D3639136B75EA00AB0277 /* Category.h */ = {isa = PBXFileReference; fileEncoding = 4; lastKnownFileType = sourcecode.c.h; name = Category.h; path = Models/Category.h; sourceTree = "<group>"; };
		5A1D363A136B75EA00AB0277 /* Category.m */ = {isa = PBXFileReference; fileEncoding = 4; lastKnownFileType = sourcecode.c.objc; name = Category.m; path = Models/Category.m; sourceTree = "<group>"; };
		5A1D363C136B75F900AB0277 /* Country.h */ = {isa = PBXFileReference; fileEncoding = 4; lastKnownFileType = sourcecode.c.h; name = Country.h; path = Models/Country.h; sourceTree = "<group>"; };
		5A1D363D136B75F900AB0277 /* Country.m */ = {isa = PBXFileReference; fileEncoding = 4; lastKnownFileType = sourcecode.c.objc; name = Country.m; path = Models/Country.m; sourceTree = "<group>"; };
		5A1D3653136C1CC100AB0277 /* Countries.plist */ = {isa = PBXFileReference; fileEncoding = 4; lastKnownFileType = text.plist.xml; path = Countries.plist; sourceTree = "<group>"; };
		5A677705136C51B000AA1A49 /* game.bundle */ = {isa = PBXFileReference; lastKnownFileType = "wrapper.plug-in"; path = game.bundle; sourceTree = "<group>"; };
		5A695CA4136B5D03008089AD /* MattsWorldTour.app */ = {isa = PBXFileReference; explicitFileType = wrapper.application; includeInIndex = 0; path = MattsWorldTour.app; sourceTree = BUILT_PRODUCTS_DIR; };
		5A695CA8136B5D03008089AD /* UIKit.framework */ = {isa = PBXFileReference; lastKnownFileType = wrapper.framework; name = UIKit.framework; path = System/Library/Frameworks/UIKit.framework; sourceTree = SDKROOT; };
		5A695CAA136B5D03008089AD /* Foundation.framework */ = {isa = PBXFileReference; lastKnownFileType = wrapper.framework; name = Foundation.framework; path = System/Library/Frameworks/Foundation.framework; sourceTree = SDKROOT; };
		5A695CAC136B5D03008089AD /* CoreGraphics.framework */ = {isa = PBXFileReference; lastKnownFileType = wrapper.framework; name = CoreGraphics.framework; path = System/Library/Frameworks/CoreGraphics.framework; sourceTree = SDKROOT; };
		5A695CB0136B5D03008089AD /* MattsWorldTour-Info.plist */ = {isa = PBXFileReference; lastKnownFileType = text.plist.xml; path = "MattsWorldTour-Info.plist"; sourceTree = "<group>"; };
		5A695CB2136B5D03008089AD /* en */ = {isa = PBXFileReference; lastKnownFileType = text.plist.strings; name = en; path = en.lproj/InfoPlist.strings; sourceTree = "<group>"; };
		5A695CB4136B5D03008089AD /* MattsWorldTour-Prefix.pch */ = {isa = PBXFileReference; lastKnownFileType = sourcecode.c.h; path = "MattsWorldTour-Prefix.pch"; sourceTree = "<group>"; };
		5A695CB5136B5D03008089AD /* main.m */ = {isa = PBXFileReference; lastKnownFileType = sourcecode.c.objc; path = main.m; sourceTree = "<group>"; };
		5A695CB7136B5D03008089AD /* MattsWorldTourAppDelegate.h */ = {isa = PBXFileReference; lastKnownFileType = sourcecode.c.h; path = MattsWorldTourAppDelegate.h; sourceTree = "<group>"; };
		5A695CB8136B5D03008089AD /* MattsWorldTourAppDelegate.m */ = {isa = PBXFileReference; lastKnownFileType = sourcecode.c.objc; path = MattsWorldTourAppDelegate.m; sourceTree = "<group>"; };
		5A695CBB136B5D03008089AD /* en */ = {isa = PBXFileReference; lastKnownFileType = file.xib; name = en; path = en.lproj/MainWindow.xib; sourceTree = "<group>"; };
		5A7C7023136CB81C00037781 /* StartViewController.h */ = {isa = PBXFileReference; fileEncoding = 4; lastKnownFileType = sourcecode.c.h; name = StartViewController.h; path = Controllers/StartViewController.h; sourceTree = "<group>"; };
		5A7C7024136CB81C00037781 /* StartViewController.m */ = {isa = PBXFileReference; fileEncoding = 4; lastKnownFileType = sourcecode.c.objc; name = StartViewController.m; path = Controllers/StartViewController.m; sourceTree = "<group>"; };
		5A7C7025136CB81C00037781 /* StartViewController.xib */ = {isa = PBXFileReference; fileEncoding = 4; lastKnownFileType = file.xib; name = StartViewController.xib; path = Controllers/StartViewController.xib; sourceTree = "<group>"; };
		5A7C702B136CBCFB00037781 /* QuartzCore.framework */ = {isa = PBXFileReference; lastKnownFileType = wrapper.framework; name = QuartzCore.framework; path = System/Library/Frameworks/QuartzCore.framework; sourceTree = SDKROOT; };
		5A7C702D136CBF9300037781 /* SpinningCircle.png */ = {isa = PBXFileReference; lastKnownFileType = image.png; path = SpinningCircle.png; sourceTree = "<group>"; };
		5A7C702F136CC33600037781 /* Background.png */ = {isa = PBXFileReference; lastKnownFileType = image.png; path = Background.png; sourceTree = "<group>"; };
		5A7C7030136CC33600037781 /* BackgroundOverlay.png */ = {isa = PBXFileReference; lastKnownFileType = image.png; path = BackgroundOverlay.png; sourceTree = "<group>"; };
		5A7C703D136CCCCA00037781 /* Start_btn_h.png */ = {isa = PBXFileReference; lastKnownFileType = image.png; path = Start_btn_h.png; sourceTree = "<group>"; };
		5A7C703E136CCCCA00037781 /* Start_btn_n.png */ = {isa = PBXFileReference; lastKnownFileType = image.png; path = Start_btn_n.png; sourceTree = "<group>"; };
		5A7C704B136D4E6100037781 /* Chalkduster.ttf */ = {isa = PBXFileReference; lastKnownFileType = file; path = Chalkduster.ttf; sourceTree = "<group>"; };
		5A7C70CC136D507900037781 /* ChalkLabel.h */ = {isa = PBXFileReference; fileEncoding = 4; lastKnownFileType = sourcecode.c.h; path = ChalkLabel.h; sourceTree = "<group>"; };
		5A7C70CD136D507900037781 /* ChalkLabel.m */ = {isa = PBXFileReference; fileEncoding = 4; lastKnownFileType = sourcecode.c.objc; path = ChalkLabel.m; sourceTree = "<group>"; };
		5A7C70CF136D518000037781 /* ChalkButton.h */ = {isa = PBXFileReference; fileEncoding = 4; lastKnownFileType = sourcecode.c.h; path = ChalkButton.h; sourceTree = "<group>"; };
		5A7C70D0136D518000037781 /* ChalkButton.m */ = {isa = PBXFileReference; fileEncoding = 4; lastKnownFileType = sourcecode.c.objc; path = ChalkButton.m; sourceTree = "<group>"; };
		5A9C577F136C8886003FF725 /* Achievements.plist */ = {isa = PBXFileReference; fileEncoding = 4; lastKnownFileType = text.plist.xml; path = Achievements.plist; sourceTree = "<group>"; };
		5A9C578F136C8B1F003FF725 /* RootViewController.h */ = {isa = PBXFileReference; fileEncoding = 4; lastKnownFileType = sourcecode.c.h; path = RootViewController.h; sourceTree = "<group>"; };
		5A9C5790136C8B1F003FF725 /* RootViewController.m */ = {isa = PBXFileReference; fileEncoding = 4; lastKnownFileType = sourcecode.c.objc; path = RootViewController.m; sourceTree = "<group>"; };
		5A9C5792136C8B2A003FF725 /* CountryViewController.h */ = {isa = PBXFileReference; fileEncoding = 4; lastKnownFileType = sourcecode.c.h; name = CountryViewController.h; path = Controllers/CountryViewController.h; sourceTree = "<group>"; };
		5A9C5793136C8B2A003FF725 /* CountryViewController.m */ = {isa = PBXFileReference; fileEncoding = 4; lastKnownFileType = sourcecode.c.objc; name = CountryViewController.m; path = Controllers/CountryViewController.m; sourceTree = "<group>"; };
		5A9C5795136C8B36003FF725 /* CountryViewController.xib */ = {isa = PBXFileReference; fileEncoding = 4; lastKnownFileType = file.xib; name = CountryViewController.xib; path = Controllers/CountryViewController.xib; sourceTree = "<group>"; };
		5AAE0297136C9C6000E8079D /* TaskViewController.h */ = {isa = PBXFileReference; fileEncoding = 4; lastKnownFileType = sourcecode.c.h; name = TaskViewController.h; path = Controllers/TaskViewController.h; sourceTree = "<group>"; };
		5AAE0298136C9C6000E8079D /* TaskViewController.m */ = {isa = PBXFileReference; fileEncoding = 4; lastKnownFileType = sourcecode.c.objc; name = TaskViewController.m; path = Controllers/TaskViewController.m; sourceTree = "<group>"; };
		5AAE0299136C9C6000E8079D /* TaskViewController.xib */ = {isa = PBXFileReference; fileEncoding = 4; lastKnownFileType = file.xib; name = TaskViewController.xib; path = Controllers/TaskViewController.xib; sourceTree = "<group>"; };
		5AAE02AC136CCECC00E8079D /* Icon-72.png */ = {isa = PBXFileReference; lastKnownFileType = image.png; path = "Icon-72.png"; sourceTree = "<group>"; };
		5AC9107E136B7D37000F9FB3 /* Task.h */ = {isa = PBXFileReference; fileEncoding = 4; lastKnownFileType = sourcecode.c.h; name = Task.h; path = Models/Task.h; sourceTree = "<group>"; };
		5AC9107F136B7D37000F9FB3 /* Task.m */ = {isa = PBXFileReference; fileEncoding = 4; lastKnownFileType = sourcecode.c.objc; name = Task.m; path = Models/Task.m; sourceTree = "<group>"; };
/* End PBXFileReference section */

/* Begin PBXFrameworksBuildPhase section */
		5A695CA1136B5D03008089AD /* Frameworks */ = {
			isa = PBXFrameworksBuildPhase;
			buildActionMask = 2147483647;
			files = (
				5A7C702C136CBCFB00037781 /* QuartzCore.framework in Frameworks */,
				5A695CA9136B5D03008089AD /* UIKit.framework in Frameworks */,
				5A695CAB136B5D03008089AD /* Foundation.framework in Frameworks */,
				5A695CAD136B5D03008089AD /* CoreGraphics.framework in Frameworks */,
			);
			runOnlyForDeploymentPostprocessing = 0;
		};
/* End PBXFrameworksBuildPhase section */

/* Begin PBXGroup section */
		5A1D362F136B71C300AB0277 /* Models */ = {
			isa = PBXGroup;
			children = (
				5A1D3633136B724800AB0277 /* Achievement.h */,
				5A1D3634136B724800AB0277 /* Achievement.m */,
				5A1D3636136B74DB00AB0277 /* GameManager.h */,
				5A1D3637136B74DB00AB0277 /* GameManager.m */,
				5A1D3639136B75EA00AB0277 /* Category.h */,
				5A1D363A136B75EA00AB0277 /* Category.m */,
				5A1D363C136B75F900AB0277 /* Country.h */,
				5A1D363D136B75F900AB0277 /* Country.m */,
				5AC9107E136B7D37000F9FB3 /* Task.h */,
				5AC9107F136B7D37000F9FB3 /* Task.m */,
			);
			name = Models;
			sourceTree = "<group>";
		};
		5A1D3631136B71C700AB0277 /* Controllers */ = {
			isa = PBXGroup;
			children = (
				5A9C578F136C8B1F003FF725 /* RootViewController.h */,
				5A9C5790136C8B1F003FF725 /* RootViewController.m */,
				5A9C5792136C8B2A003FF725 /* CountryViewController.h */,
				5A9C5793136C8B2A003FF725 /* CountryViewController.m */,
				5A9C578F136C8B1F003FF725 /* RootViewController.h */,
				5A9C5790136C8B1F003FF725 /* RootViewController.m */,
				5A7C7023136CB81C00037781 /* StartViewController.h */,
				5A7C7024136CB81C00037781 /* StartViewController.m */,
				5AAE0297136C9C6000E8079D /* TaskViewController.h */,
				5AAE0298136C9C6000E8079D /* TaskViewController.m */,
			);
			name = Controllers;
			sourceTree = "<group>";
		};
		5A1D3632136B71CB00AB0277 /* Views */ = {
			isa = PBXGroup;
			children = (
				5A695CBA136B5D03008089AD /* MainWindow.xib */,
				5A9C5795136C8B36003FF725 /* CountryViewController.xib */,
				5AAE0299136C9C6000E8079D /* TaskViewController.xib */,
				29BE8997136C8DAF000E0E31 /* RootViewController.xib */,
				5A7C7025136CB81C00037781 /* StartViewController.xib */,
			);
			name = Views;
			sourceTree = "<group>";
		};
		5A677704136C51B000AA1A49 /* Resources */ = {
			isa = PBXGroup;
			children = (
				5A1408A5136D69600020E33F /* Sound_Plause.png */,
				5A1408A6136D69600020E33F /* Sound_Play.png */,
				5AAE02AC136CCECC00E8079D /* Icon-72.png */,
				5A7C704B136D4E6100037781 /* Chalkduster.ttf */,
				5A7C703D136CCCCA00037781 /* Start_btn_h.png */,
				5A7C703E136CCCCA00037781 /* Start_btn_n.png */,
				5A7C702F136CC33600037781 /* Background.png */,
				5A7C7030136CC33600037781 /* BackgroundOverlay.png */,
				5A7C702D136CBF9300037781 /* SpinningCircle.png */,
				29BE899E136CB174000E0E31 /* Map-World.png */,
				2934E40B136C8B1D0099A9B2 /* Map-Europe.png */,
				29BE89A0136CB6BF000E0E31 /* Map-France.png */,
				29BE89A2136CC544000E0E31 /* Matt-falling.png */,
				29BE89A3136CC544000E0E31 /* Matt-landing-01.png */,
				29BE89A4136CC544000E0E31 /* Matt-landing-02.png */,
				29BE89A5136CC544000E0E31 /* Matt-landing-03.png */,
				29BE89A6136CC544000E0E31 /* Matt-landing-04.png */,
				5A677705136C51B000AA1A49 /* game.bundle */,
			);
			path = Resources;
			sourceTree = "<group>";
		};
		5A695C99136B5D03008089AD = {
			isa = PBXGroup;
			children = (
				5A695CAE136B5D03008089AD /* MattsWorldTour */,
				5A695CA7136B5D03008089AD /* Frameworks */,
				5A695CA5136B5D03008089AD /* Products */,
			);
			sourceTree = "<group>";
		};
		5A695CA5136B5D03008089AD /* Products */ = {
			isa = PBXGroup;
			children = (
				5A695CA4136B5D03008089AD /* MattsWorldTour.app */,
			);
			name = Products;
			sourceTree = "<group>";
		};
		5A695CA7136B5D03008089AD /* Frameworks */ = {
			isa = PBXGroup;
			children = (
				5A7C702B136CBCFB00037781 /* QuartzCore.framework */,
				5A695CA8136B5D03008089AD /* UIKit.framework */,
				5A695CAA136B5D03008089AD /* Foundation.framework */,
				5A695CAC136B5D03008089AD /* CoreGraphics.framework */,
			);
			name = Frameworks;
			sourceTree = "<group>";
		};
		5A695CAE136B5D03008089AD /* MattsWorldTour */ = {
			isa = PBXGroup;
			children = (
				5A1D3632136B71CB00AB0277 /* Views */,
				5A1D3631136B71C700AB0277 /* Controllers */,
				5A1D362F136B71C300AB0277 /* Models */,
				5A695CB7136B5D03008089AD /* MattsWorldTourAppDelegate.h */,
				5A695CB8136B5D03008089AD /* MattsWorldTourAppDelegate.m */,
				5A7C70CB136D503000037781 /* Utilities */,
				5A677704136C51B000AA1A49 /* Resources */,
				5A695CAF136B5D03008089AD /* Supporting Files */,
			);
			path = MattsWorldTour;
			sourceTree = "<group>";
		};
		5A695CAF136B5D03008089AD /* Supporting Files */ = {
			isa = PBXGroup;
			children = (
				5A695CB0136B5D03008089AD /* MattsWorldTour-Info.plist */,
				5A695CB1136B5D03008089AD /* InfoPlist.strings */,
				5A695CB4136B5D03008089AD /* MattsWorldTour-Prefix.pch */,
				5A695CB5136B5D03008089AD /* main.m */,
				5A1D3653136C1CC100AB0277 /* Countries.plist */,
				5A9C577F136C8886003FF725 /* Achievements.plist */,
			);
			name = "Supporting Files";
			sourceTree = "<group>";
		};
		5A7C70CB136D503000037781 /* Utilities */ = {
			isa = PBXGroup;
			children = (
				5A7C70CC136D507900037781 /* ChalkLabel.h */,
				5A7C70CD136D507900037781 /* ChalkLabel.m */,
				5A7C70CF136D518000037781 /* ChalkButton.h */,
				5A7C70D0136D518000037781 /* ChalkButton.m */,
			);
			name = Utilities;
			sourceTree = "<group>";
		};
/* End PBXGroup section */

/* Begin PBXNativeTarget section */
		5A695CA3136B5D03008089AD /* MattsWorldTour */ = {
			isa = PBXNativeTarget;
			buildConfigurationList = 5A695CC5136B5D03008089AD /* Build configuration list for PBXNativeTarget "MattsWorldTour" */;
			buildPhases = (
				5A695CA0136B5D03008089AD /* Sources */,
				5A695CA1136B5D03008089AD /* Frameworks */,
				5A695CA2136B5D03008089AD /* Resources */,
			);
			buildRules = (
			);
			dependencies = (
			);
			name = MattsWorldTour;
			productName = MattsWorldTour;
			productReference = 5A695CA4136B5D03008089AD /* MattsWorldTour.app */;
			productType = "com.apple.product-type.application";
		};
/* End PBXNativeTarget section */

/* Begin PBXProject section */
		5A695C9B136B5D03008089AD /* Project object */ = {
			isa = PBXProject;
			attributes = {
				ORGANIZATIONNAME = MoGee;
			};
			buildConfigurationList = 5A695C9E136B5D03008089AD /* Build configuration list for PBXProject "MattsWorldTour" */;
			compatibilityVersion = "Xcode 3.2";
			developmentRegion = English;
			hasScannedForEncodings = 0;
			knownRegions = (
				en,
			);
			mainGroup = 5A695C99136B5D03008089AD;
			productRefGroup = 5A695CA5136B5D03008089AD /* Products */;
			projectDirPath = "";
			projectRoot = "";
			targets = (
				5A695CA3136B5D03008089AD /* MattsWorldTour */,
			);
		};
/* End PBXProject section */

/* Begin PBXResourcesBuildPhase section */
		5A695CA2136B5D03008089AD /* Resources */ = {
			isa = PBXResourcesBuildPhase;
			buildActionMask = 2147483647;
			files = (
				5A695CB3136B5D03008089AD /* InfoPlist.strings in Resources */,
				5A695CBC136B5D03008089AD /* MainWindow.xib in Resources */,
				5A1D3654136C1CC100AB0277 /* Countries.plist in Resources */,
				5A677706136C51B000AA1A49 /* game.bundle in Resources */,
				5A9C5780136C8886003FF725 /* Achievements.plist in Resources */,
				5A9C5796136C8B36003FF725 /* CountryViewController.xib in Resources */,
				5AAE029B136C9C6000E8079D /* TaskViewController.xib in Resources */,
				2934E40D136C8B1D0099A9B2 /* Map-Europe.png in Resources */,
				29BE8999136C8DAF000E0E31 /* RootViewController.xib in Resources */,
				29BE899F136CB174000E0E31 /* Map-World.png in Resources */,
				5A7C7027136CB81C00037781 /* StartViewController.xib in Resources */,
				5A7C702E136CBF9300037781 /* SpinningCircle.png in Resources */,
				5A7C7032136CC33600037781 /* Background.png in Resources */,
				5A7C7033136CC33600037781 /* BackgroundOverlay.png in Resources */,
				29BE89A1136CB6BF000E0E31 /* Map-France.png in Resources */,
				5A7C703F136CCCCA00037781 /* Start_btn_h.png in Resources */,
				5A7C7040136CCCCA00037781 /* Start_btn_n.png in Resources */,
				29BE89A7136CC544000E0E31 /* Matt-falling.png in Resources */,
				29BE89A8136CC544000E0E31 /* Matt-landing-01.png in Resources */,
				29BE89A9136CC544000E0E31 /* Matt-landing-02.png in Resources */,
				29BE89AA136CC544000E0E31 /* Matt-landing-03.png in Resources */,
				29BE89AB136CC544000E0E31 /* Matt-landing-04.png in Resources */,
				5AAE02AD136CCECC00E8079D /* Icon-72.png in Resources */,
				5A1408A7136D69600020E33F /* Sound_Plause.png in Resources */,
				5A1408A8136D69600020E33F /* Sound_Play.png in Resources */,
				5A7C704C136D4E6100037781 /* Chalkduster.ttf in Resources */,
			);
			runOnlyForDeploymentPostprocessing = 0;
		};
/* End PBXResourcesBuildPhase section */

/* Begin PBXSourcesBuildPhase section */
		5A695CA0136B5D03008089AD /* Sources */ = {
			isa = PBXSourcesBuildPhase;
			buildActionMask = 2147483647;
			files = (
				5A695CB6136B5D03008089AD /* main.m in Sources */,
				5A695CB9136B5D03008089AD /* MattsWorldTourAppDelegate.m in Sources */,
				5A1D3635136B724800AB0277 /* Achievement.m in Sources */,
				5A1D3638136B74DB00AB0277 /* GameManager.m in Sources */,
				5A1D363B136B75EA00AB0277 /* Category.m in Sources */,
				5A1D363E136B75F900AB0277 /* Country.m in Sources */,
				5AC91080136B7D37000F9FB3 /* Task.m in Sources */,
				5A9C5791136C8B1F003FF725 /* RootViewController.m in Sources */,
				5A9C5794136C8B2A003FF725 /* CountryViewController.m in Sources */,
				5A7C7026136CB81C00037781 /* StartViewController.m in Sources */,
				5AAE029A136C9C6000E8079D /* TaskViewController.m in Sources */,
				5A7C70CE136D507900037781 /* ChalkLabel.m in Sources */,
				5A7C70D1136D518000037781 /* ChalkButton.m in Sources */,
			);
			runOnlyForDeploymentPostprocessing = 0;
		};
/* End PBXSourcesBuildPhase section */

/* Begin PBXVariantGroup section */
		29BE8997136C8DAF000E0E31 /* RootViewController.xib */ = {
			isa = PBXVariantGroup;
			children = (
				29BE8998136C8DAF000E0E31 /* en */,
			);
			name = RootViewController.xib;
			sourceTree = "<group>";
		};
		5A695CB1136B5D03008089AD /* InfoPlist.strings */ = {
			isa = PBXVariantGroup;
			children = (
				5A695CB2136B5D03008089AD /* en */,
			);
			name = InfoPlist.strings;
			sourceTree = "<group>";
		};
		5A695CBA136B5D03008089AD /* MainWindow.xib */ = {
			isa = PBXVariantGroup;
			children = (
				5A695CBB136B5D03008089AD /* en */,
			);
			name = MainWindow.xib;
			sourceTree = "<group>";
		};
/* End PBXVariantGroup section */

/* Begin XCBuildConfiguration section */
		5A695CC3136B5D03008089AD /* Debug */ = {
			isa = XCBuildConfiguration;
			buildSettings = {
				ARCHS = "$(ARCHS_UNIVERSAL_IPHONE_OS)";
				"CODE_SIGN_IDENTITY[sdk=iphoneos*]" = "iPhone Developer";
				GCC_C_LANGUAGE_STANDARD = gnu99;
				GCC_OPTIMIZATION_LEVEL = 0;
				GCC_PREPROCESSOR_DEFINITIONS = DEBUG;
				GCC_SYMBOLS_PRIVATE_EXTERN = NO;
				GCC_VERSION = com.apple.compilers.llvm.clang.1_0;
				GCC_WARN_ABOUT_RETURN_TYPE = YES;
				GCC_WARN_UNUSED_VARIABLE = YES;
				IPHONEOS_DEPLOYMENT_TARGET = 4.3;
				SDKROOT = iphoneos;
				TARGETED_DEVICE_FAMILY = 2;
			};
			name = Debug;
		};
		5A695CC4136B5D03008089AD /* Release */ = {
			isa = XCBuildConfiguration;
			buildSettings = {
				ARCHS = "$(ARCHS_UNIVERSAL_IPHONE_OS)";
				"CODE_SIGN_IDENTITY[sdk=iphoneos*]" = "iPhone Developer";
				GCC_C_LANGUAGE_STANDARD = gnu99;
				GCC_VERSION = com.apple.compilers.llvm.clang.1_0;
				GCC_WARN_ABOUT_RETURN_TYPE = YES;
				GCC_WARN_UNUSED_VARIABLE = YES;
				IPHONEOS_DEPLOYMENT_TARGET = 4.3;
				OTHER_CFLAGS = "-DNS_BLOCK_ASSERTIONS=1";
				SDKROOT = iphoneos;
				TARGETED_DEVICE_FAMILY = 2;
			};
			name = Release;
		};
		5A695CC6136B5D03008089AD /* Debug */ = {
			isa = XCBuildConfiguration;
			buildSettings = {
				ALWAYS_SEARCH_USER_PATHS = NO;
				COPY_PHASE_STRIP = NO;
				GCC_DYNAMIC_NO_PIC = NO;
				GCC_PRECOMPILE_PREFIX_HEADER = YES;
				GCC_PREFIX_HEADER = "MattsWorldTour/MattsWorldTour-Prefix.pch";
				INFOPLIST_FILE = "MattsWorldTour/MattsWorldTour-Info.plist";
				PRODUCT_NAME = "$(TARGET_NAME)";
				WRAPPER_EXTENSION = app;
			};
			name = Debug;
		};
		5A695CC7136B5D03008089AD /* Release */ = {
			isa = XCBuildConfiguration;
			buildSettings = {
				ALWAYS_SEARCH_USER_PATHS = NO;
				COPY_PHASE_STRIP = YES;
				GCC_PRECOMPILE_PREFIX_HEADER = YES;
				GCC_PREFIX_HEADER = "MattsWorldTour/MattsWorldTour-Prefix.pch";
				INFOPLIST_FILE = "MattsWorldTour/MattsWorldTour-Info.plist";
				PRODUCT_NAME = "$(TARGET_NAME)";
				VALIDATE_PRODUCT = YES;
				WRAPPER_EXTENSION = app;
			};
			name = Release;
		};
/* End XCBuildConfiguration section */

/* Begin XCConfigurationList section */
		5A695C9E136B5D03008089AD /* Build configuration list for PBXProject "MattsWorldTour" */ = {
			isa = XCConfigurationList;
			buildConfigurations = (
				5A695CC3136B5D03008089AD /* Debug */,
				5A695CC4136B5D03008089AD /* Release */,
			);
			defaultConfigurationIsVisible = 0;
			defaultConfigurationName = Release;
		};
		5A695CC5136B5D03008089AD /* Build configuration list for PBXNativeTarget "MattsWorldTour" */ = {
			isa = XCConfigurationList;
			buildConfigurations = (
				5A695CC6136B5D03008089AD /* Debug */,
				5A695CC7136B5D03008089AD /* Release */,
			);
			defaultConfigurationIsVisible = 0;
			defaultConfigurationName = Release;
		};
/* End XCConfigurationList section */
	};
	rootObject = 5A695C9B136B5D03008089AD /* Project object */;
}
