// !$*UTF8*$!
{
	archiveVersion = 1;
	classes = {
	};
	objectVersion = 46;
	objects = {

/* Begin PBXBuildFile section */
		5A695CA9136B5D03008089AD /* UIKit.framework in Frameworks */ = {isa = PBXBuildFile; fileRef = 5A695CA8136B5D03008089AD /* UIKit.framework */; };
		5A695CAB136B5D03008089AD /* Foundation.framework in Frameworks */ = {isa = PBXBuildFile; fileRef = 5A695CAA136B5D03008089AD /* Foundation.framework */; };
		5A695CAD136B5D03008089AD /* CoreGraphics.framework in Frameworks */ = {isa = PBXBuildFile; fileRef = 5A695CAC136B5D03008089AD /* CoreGraphics.framework */; };
		5A695CB3136B5D03008089AD /* InfoPlist.strings in Resources */ = {isa = PBXBuildFile; fileRef = 5A695CB1136B5D03008089AD /* InfoPlist.strings */; };
		5A695CB6136B5D03008089AD /* main.m in Sources */ = {isa = PBXBuildFile; fileRef = 5A695CB5136B5D03008089AD /* main.m */; };
		5A695CB9136B5D03008089AD /* MattsWorldTourAppDelegate.m in Sources */ = {isa = PBXBuildFile; fileRef = 5A695CB8136B5D03008089AD /* MattsWorldTourAppDelegate.m */; };
		5A695CBC136B5D03008089AD /* MainWindow.xib in Resources */ = {isa = PBXBuildFile; fileRef = 5A695CBA136B5D03008089AD /* MainWindow.xib */; };
		5A695CBF136B5D03008089AD /* MattsWorldTourViewController.m in Sources */ = {isa = PBXBuildFile; fileRef = 5A695CBE136B5D03008089AD /* MattsWorldTourViewController.m */; };
		5A695CC2136B5D03008089AD /* MattsWorldTourViewController.xib in Resources */ = {isa = PBXBuildFile; fileRef = 5A695CC0136B5D03008089AD /* MattsWorldTourViewController.xib */; };
/* End PBXBuildFile section */

/* Begin PBXFileReference section */
		5A695CA4136B5D03008089AD /* MattsWorldTour.app */ = {isa = PBXFileReference; explicitFileType = wrapper.application; includeInIndex = 0; path = MattsWorldTour.app; sourceTree = BUILT_PRODUCTS_DIR; };
		5A695CA8136B5D03008089AD /* UIKit.framework */ = {isa = PBXFileReference; lastKnownFileType = wrapper.framework; name = UIKit.framework; path = System/Library/Frameworks/UIKit.framework; sourceTree = SDKROOT; };
		5A695CAA136B5D03008089AD /* Foundation.framework */ = {isa = PBXFileReference; lastKnownFileType = wrapper.framework; name = Foundation.framework; path = System/Library/Frameworks/Foundation.framework; sourceTree = SDKROOT; };
		5A695CAC136B5D03008089AD /* CoreGraphics.framework */ = {isa = PBXFileReference; lastKnownFileType = wrapper.framework; name = CoreGraphics.framework; path = System/Library/Frameworks/CoreGraphics.framework; sourceTree = SDKROOT; };
		5A695CB0136B5D03008089AD /* MattsWorldTour-Info.plist */ = {isa = PBXFileReference; lastKnownFileType = text.plist.xml; path = "MattsWorldTour-Info.plist"; sourceTree = "<group>"; };
		5A695CB2136B5D03008089AD /* en */ = {isa = PBXFileReference; lastKnownFileType = text.plist.strings; name = en; path = en.lproj/InfoPlist.strings; sourceTree = "<group>"; };
		5A695CB4136B5D03008089AD /* MattsWorldTour-Prefix.pch */ = {isa = PBXFileReference; lastKnownFileType = sourcecode.c.h; path = "MattsWorldTour-Prefix.pch"; sourceTree = "<group>"; };
		5A695CB5136B5D03008089AD /* main.m */ = {isa = PBXFileReference; lastKnownFileType = sourcecode.c.objc; path = main.m; sourceTree = "<group>"; };
		5A695CB7136B5D03008089AD /* MattsWorldTourAppDelegate.h */ = {isa = PBXFileReference; lastKnownFileType = sourcecode.c.h; path = MattsWorldTourAppDelegate.h; sourceTree = "<group>"; };
		5A695CB8136B5D03008089AD /* MattsWorldTourAppDelegate.m */ = {isa = PBXFileReference; lastKnownFileType = sourcecode.c.objc; path = MattsWorldTourAppDelegate.m; sourceTree = "<group>"; };
		5A695CBB136B5D03008089AD /* en */ = {isa = PBXFileReference; lastKnownFileType = file.xib; name = en; path = en.lproj/MainWindow.xib; sourceTree = "<group>"; };
		5A695CBD136B5D03008089AD /* MattsWorldTourViewController.h */ = {isa = PBXFileReference; lastKnownFileType = sourcecode.c.h; path = MattsWorldTourViewController.h; sourceTree = "<group>"; };
		5A695CBE136B5D03008089AD /* MattsWorldTourViewController.m */ = {isa = PBXFileReference; lastKnownFileType = sourcecode.c.objc; path = MattsWorldTourViewController.m; sourceTree = "<group>"; };
		5A695CC1136B5D03008089AD /* en */ = {isa = PBXFileReference; lastKnownFileType = file.xib; name = en; path = en.lproj/MattsWorldTourViewController.xib; sourceTree = "<group>"; };
/* End PBXFileReference section */

/* Begin PBXFrameworksBuildPhase section */
		5A695CA1136B5D03008089AD /* Frameworks */ = {
			isa = PBXFrameworksBuildPhase;
			buildActionMask = 2147483647;
			files = (
				5A695CA9136B5D03008089AD /* UIKit.framework in Frameworks */,
				5A695CAB136B5D03008089AD /* Foundation.framework in Frameworks */,
				5A695CAD136B5D03008089AD /* CoreGraphics.framework in Frameworks */,
			);
			runOnlyForDeploymentPostprocessing = 0;
		};
/* End PBXFrameworksBuildPhase section */

/* Begin PBXGroup section */
		5A695C99136B5D03008089AD = {
			isa = PBXGroup;
			children = (
				5A695CAE136B5D03008089AD /* MattsWorldTour */,
				5A695CA7136B5D03008089AD /* Frameworks */,
				5A695CA5136B5D03008089AD /* Products */,
			);
			sourceTree = "<group>";
		};
		5A695CA5136B5D03008089AD /* Products */ = {
			isa = PBXGroup;
			children = (
				5A695CA4136B5D03008089AD /* MattsWorldTour.app */,
			);
			name = Products;
			sourceTree = "<group>";
		};
		5A695CA7136B5D03008089AD /* Frameworks */ = {
			isa = PBXGroup;
			children = (
				5A695CA8136B5D03008089AD /* UIKit.framework */,
				5A695CAA136B5D03008089AD /* Foundation.framework */,
				5A695CAC136B5D03008089AD /* CoreGraphics.framework */,
			);
			name = Frameworks;
			sourceTree = "<group>";
		};
		5A695CAE136B5D03008089AD /* MattsWorldTour */ = {
			isa = PBXGroup;
			children = (
				5A695CB7136B5D03008089AD /* MattsWorldTourAppDelegate.h */,
				5A695CB8136B5D03008089AD /* MattsWorldTourAppDelegate.m */,
				5A695CBA136B5D03008089AD /* MainWindow.xib */,
				5A695CBD136B5D03008089AD /* MattsWorldTourViewController.h */,
				5A695CBE136B5D03008089AD /* MattsWorldTourViewController.m */,
				5A695CC0136B5D03008089AD /* MattsWorldTourViewController.xib */,
				5A695CAF136B5D03008089AD /* Supporting Files */,
			);
			path = MattsWorldTour;
			sourceTree = "<group>";
		};
		5A695CAF136B5D03008089AD /* Supporting Files */ = {
			isa = PBXGroup;
			children = (
				5A695CB0136B5D03008089AD /* MattsWorldTour-Info.plist */,
				5A695CB1136B5D03008089AD /* InfoPlist.strings */,
				5A695CB4136B5D03008089AD /* MattsWorldTour-Prefix.pch */,
				5A695CB5136B5D03008089AD /* main.m */,
			);
			name = "Supporting Files";
			sourceTree = "<group>";
		};
/* End PBXGroup section */

/* Begin PBXNativeTarget section */
		5A695CA3136B5D03008089AD /* MattsWorldTour */ = {
			isa = PBXNativeTarget;
			buildConfigurationList = 5A695CC5136B5D03008089AD /* Build configuration list for PBXNativeTarget "MattsWorldTour" */;
			buildPhases = (
				5A695CA0136B5D03008089AD /* Sources */,
				5A695CA1136B5D03008089AD /* Frameworks */,
				5A695CA2136B5D03008089AD /* Resources */,
			);
			buildRules = (
			);
			dependencies = (
			);
			name = MattsWorldTour;
			productName = MattsWorldTour;
			productReference = 5A695CA4136B5D03008089AD /* MattsWorldTour.app */;
			productType = "com.apple.product-type.application";
		};
/* End PBXNativeTarget section */

/* Begin PBXProject section */
		5A695C9B136B5D03008089AD /* Project object */ = {
			isa = PBXProject;
			attributes = {
				ORGANIZATIONNAME = MoGee;
			};
			buildConfigurationList = 5A695C9E136B5D03008089AD /* Build configuration list for PBXProject "MattsWorldTour" */;
			compatibilityVersion = "Xcode 3.2";
			developmentRegion = English;
			hasScannedForEncodings = 0;
			knownRegions = (
				en,
			);
			mainGroup = 5A695C99136B5D03008089AD;
			productRefGroup = 5A695CA5136B5D03008089AD /* Products */;
			projectDirPath = "";
			projectRoot = "";
			targets = (
				5A695CA3136B5D03008089AD /* MattsWorldTour */,
			);
		};
/* End PBXProject section */

/* Begin PBXResourcesBuildPhase section */
		5A695CA2136B5D03008089AD /* Resources */ = {
			isa = PBXResourcesBuildPhase;
			buildActionMask = 2147483647;
			files = (
				5A695CB3136B5D03008089AD /* InfoPlist.strings in Resources */,
				5A695CBC136B5D03008089AD /* MainWindow.xib in Resources */,
				5A695CC2136B5D03008089AD /* MattsWorldTourViewController.xib in Resources */,
			);
			runOnlyForDeploymentPostprocessing = 0;
		};
/* End PBXResourcesBuildPhase section */

/* Begin PBXSourcesBuildPhase section */
		5A695CA0136B5D03008089AD /* Sources */ = {
			isa = PBXSourcesBuildPhase;
			buildActionMask = 2147483647;
			files = (
				5A695CB6136B5D03008089AD /* main.m in Sources */,
				5A695CB9136B5D03008089AD /* MattsWorldTourAppDelegate.m in Sources */,
				5A695CBF136B5D03008089AD /* MattsWorldTourViewController.m in Sources */,
			);
			runOnlyForDeploymentPostprocessing = 0;
		};
/* End PBXSourcesBuildPhase section */

/* Begin PBXVariantGroup section */
		5A695CB1136B5D03008089AD /* InfoPlist.strings */ = {
			isa = PBXVariantGroup;
			children = (
				5A695CB2136B5D03008089AD /* en */,
			);
			name = InfoPlist.strings;
			sourceTree = "<group>";
		};
		5A695CBA136B5D03008089AD /* MainWindow.xib */ = {
			isa = PBXVariantGroup;
			children = (
				5A695CBB136B5D03008089AD /* en */,
			);
			name = MainWindow.xib;
			sourceTree = "<group>";
		};
		5A695CC0136B5D03008089AD /* MattsWorldTourViewController.xib */ = {
			isa = PBXVariantGroup;
			children = (
				5A695CC1136B5D03008089AD /* en */,
			);
			name = MattsWorldTourViewController.xib;
			sourceTree = "<group>";
		};
/* End PBXVariantGroup section */

/* Begin XCBuildConfiguration section */
		5A695CC3136B5D03008089AD /* Debug */ = {
			isa = XCBuildConfiguration;
			buildSettings = {
				ARCHS = "$(ARCHS_UNIVERSAL_IPHONE_OS)";
				"CODE_SIGN_IDENTITY[sdk=iphoneos*]" = "iPhone Developer";
				GCC_C_LANGUAGE_STANDARD = gnu99;
				GCC_OPTIMIZATION_LEVEL = 0;
				GCC_PREPROCESSOR_DEFINITIONS = DEBUG;
				GCC_SYMBOLS_PRIVATE_EXTERN = NO;
				GCC_VERSION = com.apple.compilers.llvmgcc42;
				GCC_WARN_ABOUT_RETURN_TYPE = YES;
				GCC_WARN_UNUSED_VARIABLE = YES;
				IPHONEOS_DEPLOYMENT_TARGET = 4.3;
				SDKROOT = iphoneos;
				TARGETED_DEVICE_FAMILY = 2;
			};
			name = Debug;
		};
		5A695CC4136B5D03008089AD /* Release */ = {
			isa = XCBuildConfiguration;
			buildSettings = {
				ARCHS = "$(ARCHS_UNIVERSAL_IPHONE_OS)";
				"CODE_SIGN_IDENTITY[sdk=iphoneos*]" = "iPhone Developer";
				GCC_C_LANGUAGE_STANDARD = gnu99;
				GCC_VERSION = com.apple.compilers.llvmgcc42;
				GCC_WARN_ABOUT_RETURN_TYPE = YES;
				GCC_WARN_UNUSED_VARIABLE = YES;
				IPHONEOS_DEPLOYMENT_TARGET = 4.3;
				OTHER_CFLAGS = "-DNS_BLOCK_ASSERTIONS=1";
				SDKROOT = iphoneos;
				TARGETED_DEVICE_FAMILY = 2;
			};
			name = Release;
		};
		5A695CC6136B5D03008089AD /* Debug */ = {
			isa = XCBuildConfiguration;
			buildSettings = {
				ALWAYS_SEARCH_USER_PATHS = NO;
				COPY_PHASE_STRIP = NO;
				GCC_DYNAMIC_NO_PIC = NO;
				GCC_PRECOMPILE_PREFIX_HEADER = YES;
				GCC_PREFIX_HEADER = "MattsWorldTour/MattsWorldTour-Prefix.pch";
				INFOPLIST_FILE = "MattsWorldTour/MattsWorldTour-Info.plist";
				PRODUCT_NAME = "$(TARGET_NAME)";
				WRAPPER_EXTENSION = app;
			};
			name = Debug;
		};
		5A695CC7136B5D03008089AD /* Release */ = {
			isa = XCBuildConfiguration;
			buildSettings = {
				ALWAYS_SEARCH_USER_PATHS = NO;
				COPY_PHASE_STRIP = YES;
				GCC_PRECOMPILE_PREFIX_HEADER = YES;
				GCC_PREFIX_HEADER = "MattsWorldTour/MattsWorldTour-Prefix.pch";
				INFOPLIST_FILE = "MattsWorldTour/MattsWorldTour-Info.plist";
				PRODUCT_NAME = "$(TARGET_NAME)";
				VALIDATE_PRODUCT = YES;
				WRAPPER_EXTENSION = app;
			};
			name = Release;
		};
/* End XCBuildConfiguration section */

/* Begin XCConfigurationList section */
		5A695C9E136B5D03008089AD /* Build configuration list for PBXProject "MattsWorldTour" */ = {
			isa = XCConfigurationList;
			buildConfigurations = (
				5A695CC3136B5D03008089AD /* Debug */,
				5A695CC4136B5D03008089AD /* Release */,
			);
			defaultConfigurationIsVisible = 0;
			defaultConfigurationName = Release;
		};
		5A695CC5136B5D03008089AD /* Build configuration list for PBXNativeTarget "MattsWorldTour" */ = {
			isa = XCConfigurationList;
			buildConfigurations = (
				5A695CC6136B5D03008089AD /* Debug */,
				5A695CC7136B5D03008089AD /* Release */,
			);
			defaultConfigurationIsVisible = 0;
		};
/* End XCConfigurationList section */
	};
	rootObject = 5A695C9B136B5D03008089AD /* Project object */;
}
