// !$*UTF8*$!
{
	archiveVersion = 1;
	classes = {
	};
	objectVersion = 46;
	objects = {

/* Begin PBXBuildFile section */
		5A8A0F2C136B5926009C22D3 /* UIKit.framework in Frameworks */ = {isa = PBXBuildFile; fileRef = 5A8A0F2B136B5926009C22D3 /* UIKit.framework */; };
		5A8A0F2E136B5926009C22D3 /* Foundation.framework in Frameworks */ = {isa = PBXBuildFile; fileRef = 5A8A0F2D136B5926009C22D3 /* Foundation.framework */; };
		5A8A0F30136B5926009C22D3 /* CoreGraphics.framework in Frameworks */ = {isa = PBXBuildFile; fileRef = 5A8A0F2F136B5926009C22D3 /* CoreGraphics.framework */; };
		5A8A0F36136B5926009C22D3 /* InfoPlist.strings in Resources */ = {isa = PBXBuildFile; fileRef = 5A8A0F34136B5926009C22D3 /* InfoPlist.strings */; };
		5A8A0F39136B5926009C22D3 /* main.m in Sources */ = {isa = PBXBuildFile; fileRef = 5A8A0F38136B5926009C22D3 /* main.m */; };
		5A8A0F3C136B5926009C22D3 /* MattsWorldTourAppDelegate.m in Sources */ = {isa = PBXBuildFile; fileRef = 5A8A0F3B136B5926009C22D3 /* MattsWorldTourAppDelegate.m */; };
		5A8A0F3F136B5926009C22D3 /* MainWindow.xib in Resources */ = {isa = PBXBuildFile; fileRef = 5A8A0F3D136B5926009C22D3 /* MainWindow.xib */; };
		5A8A0F42136B5926009C22D3 /* MattsWorldTourViewController.m in Sources */ = {isa = PBXBuildFile; fileRef = 5A8A0F41136B5926009C22D3 /* MattsWorldTourViewController.m */; };
		5A8A0F45136B5926009C22D3 /* MattsWorldTourViewController.xib in Resources */ = {isa = PBXBuildFile; fileRef = 5A8A0F43136B5926009C22D3 /* MattsWorldTourViewController.xib */; };
/* End PBXBuildFile section */

/* Begin PBXFileReference section */
		5A8A0F27136B5926009C22D3 /* MattsWorldTour.app */ = {isa = PBXFileReference; explicitFileType = wrapper.application; includeInIndex = 0; path = MattsWorldTour.app; sourceTree = BUILT_PRODUCTS_DIR; };
		5A8A0F2B136B5926009C22D3 /* UIKit.framework */ = {isa = PBXFileReference; lastKnownFileType = wrapper.framework; name = UIKit.framework; path = System/Library/Frameworks/UIKit.framework; sourceTree = SDKROOT; };
		5A8A0F2D136B5926009C22D3 /* Foundation.framework */ = {isa = PBXFileReference; lastKnownFileType = wrapper.framework; name = Foundation.framework; path = System/Library/Frameworks/Foundation.framework; sourceTree = SDKROOT; };
		5A8A0F2F136B5926009C22D3 /* CoreGraphics.framework */ = {isa = PBXFileReference; lastKnownFileType = wrapper.framework; name = CoreGraphics.framework; path = System/Library/Frameworks/CoreGraphics.framework; sourceTree = SDKROOT; };
		5A8A0F33136B5926009C22D3 /* MattsWorldTour-Info.plist */ = {isa = PBXFileReference; lastKnownFileType = text.plist.xml; path = "MattsWorldTour-Info.plist"; sourceTree = "<group>"; };
		5A8A0F35136B5926009C22D3 /* en */ = {isa = PBXFileReference; lastKnownFileType = text.plist.strings; name = en; path = en.lproj/InfoPlist.strings; sourceTree = "<group>"; };
		5A8A0F37136B5926009C22D3 /* MattsWorldTour-Prefix.pch */ = {isa = PBXFileReference; lastKnownFileType = sourcecode.c.h; path = "MattsWorldTour-Prefix.pch"; sourceTree = "<group>"; };
		5A8A0F38136B5926009C22D3 /* main.m */ = {isa = PBXFileReference; lastKnownFileType = sourcecode.c.objc; path = main.m; sourceTree = "<group>"; };
		5A8A0F3A136B5926009C22D3 /* MattsWorldTourAppDelegate.h */ = {isa = PBXFileReference; lastKnownFileType = sourcecode.c.h; path = MattsWorldTourAppDelegate.h; sourceTree = "<group>"; };
		5A8A0F3B136B5926009C22D3 /* MattsWorldTourAppDelegate.m */ = {isa = PBXFileReference; lastKnownFileType = sourcecode.c.objc; path = MattsWorldTourAppDelegate.m; sourceTree = "<group>"; };
		5A8A0F3E136B5926009C22D3 /* en */ = {isa = PBXFileReference; lastKnownFileType = file.xib; name = en; path = en.lproj/MainWindow.xib; sourceTree = "<group>"; };
		5A8A0F40136B5926009C22D3 /* MattsWorldTourViewController.h */ = {isa = PBXFileReference; lastKnownFileType = sourcecode.c.h; path = MattsWorldTourViewController.h; sourceTree = "<group>"; };
		5A8A0F41136B5926009C22D3 /* MattsWorldTourViewController.m */ = {isa = PBXFileReference; lastKnownFileType = sourcecode.c.objc; path = MattsWorldTourViewController.m; sourceTree = "<group>"; };
		5A8A0F44136B5926009C22D3 /* en */ = {isa = PBXFileReference; lastKnownFileType = file.xib; name = en; path = en.lproj/MattsWorldTourViewController.xib; sourceTree = "<group>"; };
/* End PBXFileReference section */

/* Begin PBXFrameworksBuildPhase section */
		5A8A0F24136B5926009C22D3 /* Frameworks */ = {
			isa = PBXFrameworksBuildPhase;
			buildActionMask = 2147483647;
			files = (
				5A8A0F2C136B5926009C22D3 /* UIKit.framework in Frameworks */,
				5A8A0F2E136B5926009C22D3 /* Foundation.framework in Frameworks */,
				5A8A0F30136B5926009C22D3 /* CoreGraphics.framework in Frameworks */,
			);
			runOnlyForDeploymentPostprocessing = 0;
		};
/* End PBXFrameworksBuildPhase section */

/* Begin PBXGroup section */
		5A8A0F1C136B5926009C22D3 = {
			isa = PBXGroup;
			children = (
				5A8A0F31136B5926009C22D3 /* MattsWorldTour */,
				5A8A0F2A136B5926009C22D3 /* Frameworks */,
				5A8A0F28136B5926009C22D3 /* Products */,
			);
			sourceTree = "<group>";
		};
		5A8A0F28136B5926009C22D3 /* Products */ = {
			isa = PBXGroup;
			children = (
				5A8A0F27136B5926009C22D3 /* MattsWorldTour.app */,
			);
			name = Products;
			sourceTree = "<group>";
		};
		5A8A0F2A136B5926009C22D3 /* Frameworks */ = {
			isa = PBXGroup;
			children = (
				5A8A0F2B136B5926009C22D3 /* UIKit.framework */,
				5A8A0F2D136B5926009C22D3 /* Foundation.framework */,
				5A8A0F2F136B5926009C22D3 /* CoreGraphics.framework */,
			);
			name = Frameworks;
			sourceTree = "<group>";
		};
		5A8A0F31136B5926009C22D3 /* MattsWorldTour */ = {
			isa = PBXGroup;
			children = (
				5A8A0F3A136B5926009C22D3 /* MattsWorldTourAppDelegate.h */,
				5A8A0F3B136B5926009C22D3 /* MattsWorldTourAppDelegate.m */,
				5A8A0F3D136B5926009C22D3 /* MainWindow.xib */,
				5A8A0F40136B5926009C22D3 /* MattsWorldTourViewController.h */,
				5A8A0F41136B5926009C22D3 /* MattsWorldTourViewController.m */,
				5A8A0F43136B5926009C22D3 /* MattsWorldTourViewController.xib */,
				5A8A0F32136B5926009C22D3 /* Supporting Files */,
			);
			path = MattsWorldTour;
			sourceTree = "<group>";
		};
		5A8A0F32136B5926009C22D3 /* Supporting Files */ = {
			isa = PBXGroup;
			children = (
				5A8A0F33136B5926009C22D3 /* MattsWorldTour-Info.plist */,
				5A8A0F34136B5926009C22D3 /* InfoPlist.strings */,
				5A8A0F37136B5926009C22D3 /* MattsWorldTour-Prefix.pch */,
				5A8A0F38136B5926009C22D3 /* main.m */,
			);
			name = "Supporting Files";
			sourceTree = "<group>";
		};
/* End PBXGroup section */

/* Begin PBXNativeTarget section */
		5A8A0F26136B5926009C22D3 /* MattsWorldTour */ = {
			isa = PBXNativeTarget;
			buildConfigurationList = 5A8A0F48136B5926009C22D3 /* Build configuration list for PBXNativeTarget "MattsWorldTour" */;
			buildPhases = (
				5A8A0F23136B5926009C22D3 /* Sources */,
				5A8A0F24136B5926009C22D3 /* Frameworks */,
				5A8A0F25136B5926009C22D3 /* Resources */,
			);
			buildRules = (
			);
			dependencies = (
			);
			name = MattsWorldTour;
			productName = MattsWorldTour;
			productReference = 5A8A0F27136B5926009C22D3 /* MattsWorldTour.app */;
			productType = "com.apple.product-type.application";
		};
/* End PBXNativeTarget section */

/* Begin PBXProject section */
		5A8A0F1E136B5926009C22D3 /* Project object */ = {
			isa = PBXProject;
			attributes = {
				ORGANIZATIONNAME = MoGee;
			};
			buildConfigurationList = 5A8A0F21136B5926009C22D3 /* Build configuration list for PBXProject "MattsWorldTour" */;
			compatibilityVersion = "Xcode 3.2";
			developmentRegion = English;
			hasScannedForEncodings = 0;
			knownRegions = (
				en,
			);
			mainGroup = 5A8A0F1C136B5926009C22D3;
			productRefGroup = 5A8A0F28136B5926009C22D3 /* Products */;
			projectDirPath = "";
			projectRoot = "";
			targets = (
				5A8A0F26136B5926009C22D3 /* MattsWorldTour */,
			);
		};
/* End PBXProject section */

/* Begin PBXResourcesBuildPhase section */
		5A8A0F25136B5926009C22D3 /* Resources */ = {
			isa = PBXResourcesBuildPhase;
			buildActionMask = 2147483647;
			files = (
				5A8A0F36136B5926009C22D3 /* InfoPlist.strings in Resources */,
				5A8A0F3F136B5926009C22D3 /* MainWindow.xib in Resources */,
				5A8A0F45136B5926009C22D3 /* MattsWorldTourViewController.xib in Resources */,
			);
			runOnlyForDeploymentPostprocessing = 0;
		};
/* End PBXResourcesBuildPhase section */

/* Begin PBXSourcesBuildPhase section */
		5A8A0F23136B5926009C22D3 /* Sources */ = {
			isa = PBXSourcesBuildPhase;
			buildActionMask = 2147483647;
			files = (
				5A8A0F39136B5926009C22D3 /* main.m in Sources */,
				5A8A0F3C136B5926009C22D3 /* MattsWorldTourAppDelegate.m in Sources */,
				5A8A0F42136B5926009C22D3 /* MattsWorldTourViewController.m in Sources */,
			);
			runOnlyForDeploymentPostprocessing = 0;
		};
/* End PBXSourcesBuildPhase section */

/* Begin PBXVariantGroup section */
		5A8A0F34136B5926009C22D3 /* InfoPlist.strings */ = {
			isa = PBXVariantGroup;
			children = (
				5A8A0F35136B5926009C22D3 /* en */,
			);
			name = InfoPlist.strings;
			sourceTree = "<group>";
		};
		5A8A0F3D136B5926009C22D3 /* MainWindow.xib */ = {
			isa = PBXVariantGroup;
			children = (
				5A8A0F3E136B5926009C22D3 /* en */,
			);
			name = MainWindow.xib;
			sourceTree = "<group>";
		};
		5A8A0F43136B5926009C22D3 /* MattsWorldTourViewController.xib */ = {
			isa = PBXVariantGroup;
			children = (
				5A8A0F44136B5926009C22D3 /* en */,
			);
			name = MattsWorldTourViewController.xib;
			sourceTree = "<group>";
		};
/* End PBXVariantGroup section */

/* Begin XCBuildConfiguration section */
		5A8A0F46136B5926009C22D3 /* Debug */ = {
			isa = XCBuildConfiguration;
			buildSettings = {
				ARCHS = "$(ARCHS_UNIVERSAL_IPHONE_OS)";
				"CODE_SIGN_IDENTITY[sdk=iphoneos*]" = "iPhone Developer";
				GCC_C_LANGUAGE_STANDARD = gnu99;
				GCC_OPTIMIZATION_LEVEL = 0;
				GCC_PREPROCESSOR_DEFINITIONS = DEBUG;
				GCC_SYMBOLS_PRIVATE_EXTERN = NO;
				GCC_VERSION = com.apple.compilers.llvmgcc42;
				GCC_WARN_ABOUT_RETURN_TYPE = YES;
				GCC_WARN_UNUSED_VARIABLE = YES;
				IPHONEOS_DEPLOYMENT_TARGET = 4.3;
				SDKROOT = iphoneos;
				TARGETED_DEVICE_FAMILY = 2;
			};
			name = Debug;
		};
		5A8A0F47136B5926009C22D3 /* Release */ = {
			isa = XCBuildConfiguration;
			buildSettings = {
				ARCHS = "$(ARCHS_UNIVERSAL_IPHONE_OS)";
				"CODE_SIGN_IDENTITY[sdk=iphoneos*]" = "iPhone Developer";
				GCC_C_LANGUAGE_STANDARD = gnu99;
				GCC_VERSION = com.apple.compilers.llvmgcc42;
				GCC_WARN_ABOUT_RETURN_TYPE = YES;
				GCC_WARN_UNUSED_VARIABLE = YES;
				IPHONEOS_DEPLOYMENT_TARGET = 4.3;
				OTHER_CFLAGS = "-DNS_BLOCK_ASSERTIONS=1";
				SDKROOT = iphoneos;
				TARGETED_DEVICE_FAMILY = 2;
			};
			name = Release;
		};
		5A8A0F49136B5926009C22D3 /* Debug */ = {
			isa = XCBuildConfiguration;
			buildSettings = {
				ALWAYS_SEARCH_USER_PATHS = NO;
				COPY_PHASE_STRIP = NO;
				GCC_DYNAMIC_NO_PIC = NO;
				GCC_PRECOMPILE_PREFIX_HEADER = YES;
				GCC_PREFIX_HEADER = "MattsWorldTour/MattsWorldTour-Prefix.pch";
				INFOPLIST_FILE = "MattsWorldTour/MattsWorldTour-Info.plist";
				PRODUCT_NAME = "$(TARGET_NAME)";
				WRAPPER_EXTENSION = app;
			};
			name = Debug;
		};
		5A8A0F4A136B5926009C22D3 /* Release */ = {
			isa = XCBuildConfiguration;
			buildSettings = {
				ALWAYS_SEARCH_USER_PATHS = NO;
				COPY_PHASE_STRIP = YES;
				GCC_PRECOMPILE_PREFIX_HEADER = YES;
				GCC_PREFIX_HEADER = "MattsWorldTour/MattsWorldTour-Prefix.pch";
				INFOPLIST_FILE = "MattsWorldTour/MattsWorldTour-Info.plist";
				PRODUCT_NAME = "$(TARGET_NAME)";
				VALIDATE_PRODUCT = YES;
				WRAPPER_EXTENSION = app;
			};
			name = Release;
		};
/* End XCBuildConfiguration section */

/* Begin XCConfigurationList section */
		5A8A0F21136B5926009C22D3 /* Build configuration list for PBXProject "MattsWorldTour" */ = {
			isa = XCConfigurationList;
			buildConfigurations = (
				5A8A0F46136B5926009C22D3 /* Debug */,
				5A8A0F47136B5926009C22D3 /* Release */,
			);
			defaultConfigurationIsVisible = 0;
			defaultConfigurationName = Release;
		};
		5A8A0F48136B5926009C22D3 /* Build configuration list for PBXNativeTarget "MattsWorldTour" */ = {
			isa = XCConfigurationList;
			buildConfigurations = (
				5A8A0F49136B5926009C22D3 /* Debug */,
				5A8A0F4A136B5926009C22D3 /* Release */,
			);
			defaultConfigurationIsVisible = 0;
		};
/* End XCConfigurationList section */
	};
	rootObject = 5A8A0F1E136B5926009C22D3 /* Project object */;
}
